# This file is autogenerated, do not edit; changes may be undone by the next 'dep ensure'.


[[projects]]
  name = "github.com/golang/protobuf"
  packages = ["proto"]
  revision = "b5d812f8a3706043e23a9cd5babf2e5423744d30"
  version = "v1.3.1"

[solve-meta]
  analyzer-name = "dep"
  analyzer-version = 1
  inputs-digest = "cd0a081fd7d7f8f5327c48747ef80472c983ba823cb38aff7aa54c7d7f275f9f"
  solver-name = "gps-cdcl"
  solver-version = 1
